{
  "name": "ngx-international-number",
  "version": "1.0.1",
  "lockfileVersion": 2,
  "requires": true,
  "packages": {
    "": {
      "name": "ngx-international-number",
      "version": "1.0.1",
      "license": "MIT",
      "dependencies": {
        "libphonenumber-js": "^1.9.34"
      },
      "devDependencies": {
        "libphonenumber-js": "^1.9.34"
      },
      "peerDependencies": {
        "@angular/common": "^12.1.0",
        "@angular/core": "^12.1.0",
        "libphonenumber-js": "^1.9.34"
      }
    },
    "node_modules/@angular/common": {
      "version": "12.1.4",
      "resolved": "https://registry.npmjs.org/@angular/common/-/common-12.1.4.tgz",
      "integrity": "sha512-cyh2m5veGgWRFsrmPnwB/Ised90bFNZAjZepvW8WXrpEUa/tmi1yWU9+8ayRG7ztE08lyXncJSSut2Ss2PEhTA==",
      "peer": true,
      "dependencies": {
        "tslib": "^2.2.0"
      },
      "engines": {
        "node": "^12.14.1 || >=14.0.0"
      },
      "peerDependencies": {
        "@angular/core": "12.1.4",
        "rxjs": "^6.5.3"
      }
    },
    "node_modules/@angular/core": {
      "version": "12.1.4",
      "resolved": "https://registry.npmjs.org/@angular/core/-/core-12.1.4.tgz",
      "integrity": "sha512-dG7KtW0l3jI8lapmenSu1wV/d3VOphAjDxVqWOrwh+kI0da7677cEg0Ms5YIF8Nf/++WleyNxk6AIHbDIig+Sw==",
      "peer": true,
      "dependencies": {
        "tslib": "^2.2.0"
      },
      "engines": {
        "node": "^12.14.1 || >=14.0.0"
      },
      "peerDependencies": {
        "rxjs": "^6.5.3",
        "zone.js": "~0.11.4"
      }
    },
    "node_modules/libphonenumber-js": {
      "version": "1.9.34",
      "resolved": "https://registry.npmjs.org/libphonenumber-js/-/libphonenumber-js-1.9.34.tgz",
      "integrity": "sha512-gHTNU9xTtVgSp30IDX/57W4pETMXDIYXFfwEOJVXiYosiY7Hc7ogJwlBjOqlCcU04X0aA8DT57hdwUC1sJBJnA==",
      "dev": true
    },
    "node_modules/rxjs": {
      "version": "6.6.7",
      "resolved": "https://registry.npmjs.org/rxjs/-/rxjs-6.6.7.tgz",
      "integrity": "sha512-hTdwr+7yYNIT5n4AMYp85KA6yw2Va0FLa3Rguvbpa4W3I5xynaBZo41cM3XM+4Q6fRMj3sBYIR1VAmZMXYJvRQ==",
      "peer": true,
      "dependencies": {
        "tslib": "^1.9.0"
      },
      "engines": {
        "npm": ">=2.0.0"
      }
    },
    "node_modules/rxjs/node_modules/tslib": {
      "version": "1.14.1",
      "resolved": "https://registry.npmjs.org/tslib/-/tslib-1.14.1.tgz",
      "integrity": "sha512-Xni35NKzjgMrwevysHTCArtLDpPvye8zV/0E4EyYn43P7/7qvQwPh9BGkHewbMulVntbigmcT7rdX3BNo9wRJg==",
      "peer": true
    },
    "node_modules/tslib": {
      "version": "2.3.0",
      "resolved": "https://registry.npmjs.org/tslib/-/tslib-2.3.0.tgz",
      "integrity": "sha512-N82ooyxVNm6h1riLCoyS9e3fuJ3AMG2zIZs2Gd1ATcSFjSA23Q0fzjjZeh0jbJvWVDZ0cJT8yaNNaaXHzueNjg==",
      "peer": true
    },
    "node_modules/zone.js": {
      "version": "0.11.4",
      "resolved": "https://registry.npmjs.org/zone.js/-/zone.js-0.11.4.tgz",
      "integrity": "sha512-DDh2Ab+A/B+9mJyajPjHFPWfYU1H+pdun4wnnk0OcQTNjem1XQSZ2CDW+rfZEUDjv5M19SBqAkjZi0x5wuB5Qw==",
      "peer": true,
      "dependencies": {
        "tslib": "^2.0.0"
      }
    }
  },
  "dependencies": {
    "@angular/common": {
      "version": "12.1.4",
      "resolved": "https://registry.npmjs.org/@angular/common/-/common-12.1.4.tgz",
      "integrity": "sha512-cyh2m5veGgWRFsrmPnwB/Ised90bFNZAjZepvW8WXrpEUa/tmi1yWU9+8ayRG7ztE08lyXncJSSut2Ss2PEhTA==",
      "peer": true,
      "requires": {
        "tslib": "^2.2.0"
      }
    },
    "@angular/core": {
      "version": "12.1.4",
      "resolved": "https://registry.npmjs.org/@angular/core/-/core-12.1.4.tgz",
      "integrity": "sha512-dG7KtW0l3jI8lapmenSu1wV/d3VOphAjDxVqWOrwh+kI0da7677cEg0Ms5YIF8Nf/++WleyNxk6AIHbDIig+Sw==",
      "peer": true,
      "requires": {
        "tslib": "^2.2.0"
      }
    },
    "libphonenumber-js": {
      "version": "1.9.34",
      "resolved": "https://registry.npmjs.org/libphonenumber-js/-/libphonenumber-js-1.9.34.tgz",
      "integrity": "sha512-gHTNU9xTtVgSp30IDX/57W4pETMXDIYXFfwEOJVXiYosiY7Hc7ogJwlBjOqlCcU04X0aA8DT57hdwUC1sJBJnA==",
      "dev": true
    },
    "rxjs": {
      "version": "6.6.7",
      "resolved": "https://registry.npmjs.org/rxjs/-/rxjs-6.6.7.tgz",
      "integrity": "sha512-hTdwr+7yYNIT5n4AMYp85KA6yw2Va0FLa3Rguvbpa4W3I5xynaBZo41cM3XM+4Q6fRMj3sBYIR1VAmZMXYJvRQ==",
      "peer": true,
      "requires": {
        "tslib": "^1.9.0"
      },
      "dependencies": {
        "tslib": {
          "version": "1.14.1",
          "resolved": "https://registry.npmjs.org/tslib/-/tslib-1.14.1.tgz",
          "integrity": "sha512-Xni35NKzjgMrwevysHTCArtLDpPvye8zV/0E4EyYn43P7/7qvQwPh9BGkHewbMulVntbigmcT7rdX3BNo9wRJg==",
          "peer": true
        }
      }
    },
    "tslib": {
      "version": "2.3.0",
      "resolved": "https://registry.npmjs.org/tslib/-/tslib-2.3.0.tgz",
      "integrity": "sha512-N82ooyxVNm6h1riLCoyS9e3fuJ3AMG2zIZs2Gd1ATcSFjSA23Q0fzjjZeh0jbJvWVDZ0cJT8yaNNaaXHzueNjg==",
      "peer": true
    },
    "zone.js": {
      "version": "0.11.4",
      "resolved": "https://registry.npmjs.org/zone.js/-/zone.js-0.11.4.tgz",
      "integrity": "sha512-DDh2Ab+A/B+9mJyajPjHFPWfYU1H+pdun4wnnk0OcQTNjem1XQSZ2CDW+rfZEUDjv5M19SBqAkjZi0x5wuB5Qw==",
      "peer": true,
      "requires": {
        "tslib": "^2.0.0"
      }
    }
  }
}
