{
  "name": "ngx-intl-phone-number",
  "version": "1.2.0",
  "lockfileVersion": 1,
  "requires": true,
  "dependencies": {
    "libphonenumber-js": {
      "version": "1.9.34",
      "resolved": "https://registry.npmjs.org/libphonenumber-js/-/libphonenumber-js-1.9.34.tgz",
      "integrity": "sha512-gHTNU9xTtVgSp30IDX/57W4pETMXDIYXFfwEOJVXiYosiY7Hc7ogJwlBjOqlCcU04X0aA8DT57hdwUC1sJBJnA=="
    }
  }
}
